// !$*UTF8*$!
{
	archiveVersion = 1;
	classes = {
	};
	objectVersion = 50;
	objects = {

/* Begin PBXBuildFile section */
		CC8EF4DD268E37DD0059DCAB /* AppDelegate.swift in Sources */ = {isa = PBXBuildFile; fileRef = CC8EF4DC268E37DD0059DCAB /* AppDelegate.swift */; };
		CC8EF4DF268E37DD0059DCAB /* SceneDelegate.swift in Sources */ = {isa = PBXBuildFile; fileRef = CC8EF4DE268E37DD0059DCAB /* SceneDelegate.swift */; };
		CC8EF4E1268E37DD0059DCAB /* ViewController.swift in Sources */ = {isa = PBXBuildFile; fileRef = CC8EF4E0268E37DD0059DCAB /* ViewController.swift */; };
		CC8EF4E4268E37DD0059DCAB /* Main.storyboard in Resources */ = {isa = PBXBuildFile; fileRef = CC8EF4E2268E37DD0059DCAB /* Main.storyboard */; };
		CC8EF4E6268E37DE0059DCAB /* Assets.xcassets in Resources */ = {isa = PBXBuildFile; fileRef = CC8EF4E5268E37DE0059DCAB /* Assets.xcassets */; };
		CC8EF4E9268E37DE0059DCAB /* LaunchScreen.storyboard in Resources */ = {isa = PBXBuildFile; fileRef = CC8EF4E7268E37DE0059DCAB /* LaunchScreen.storyboard */; };
/* End PBXBuildFile section */

/* Begin PBXFileReference section */
		CC8EF4D9268E37DD0059DCAB /* Web-Consuming.app */ = {isa = PBXFileReference; explicitFileType = wrapper.application; includeInIndex = 0; path = "Web-Consuming.app"; sourceTree = BUILT_PRODUCTS_DIR; };
		CC8EF4DC268E37DD0059DCAB /* AppDelegate.swift */ = {isa = PBXFileReference; lastKnownFileType = sourcecode.swift; path = AppDelegate.swift; sourceTree = "<group>"; };
		CC8EF4DE268E37DD0059DCAB /* SceneDelegate.swift */ = {isa = PBXFileReference; lastKnownFileType = sourcecode.swift; path = SceneDelegate.swift; sourceTree = "<group>"; };
		CC8EF4E0268E37DD0059DCAB /* ViewController.swift */ = {isa = PBXFileReference; lastKnownFileType = sourcecode.swift; path = ViewController.swift; sourceTree = "<group>"; };
		CC8EF4E3268E37DD0059DCAB /* Base */ = {isa = PBXFileReference; lastKnownFileType = file.storyboard; name = Base; path = Base.lproj/Main.storyboard; sourceTree = "<group>"; };
		CC8EF4E5268E37DE0059DCAB /* Assets.xcassets */ = {isa = PBXFileReference; lastKnownFileType = folder.assetcatalog; path = Assets.xcassets; sourceTree = "<group>"; };
		CC8EF4E8268E37DE0059DCAB /* Base */ = {isa = PBXFileReference; lastKnownFileType = file.storyboard; name = Base; path = Base.lproj/LaunchScreen.storyboard; sourceTree = "<group>"; };
		CC8EF4EA268E37DE0059DCAB /* Info.plist */ = {isa = PBXFileReference; lastKnownFileType = text.plist.xml; path = Info.plist; sourceTree = "<group>"; };
/* End PBXFileReference section */

/* Begin PBXFrameworksBuildPhase section */
		CC8EF4D6268E37DD0059DCAB /* Frameworks */ = {
			isa = PBXFrameworksBuildPhase;
			buildActionMask = 2147483647;
			files = (
			);
			runOnlyForDeploymentPostprocessing = 0;
		};
/* End PBXFrameworksBuildPhase section */

/* Begin PBXGroup section */
		CC8EF4D0268E37DD0059DCAB = {
			isa = PBXGroup;
			children = (
				CC8EF4DB268E37DD0059DCAB /* Web-Consuming */,
				CC8EF4DA268E37DD0059DCAB /* Products */,
			);
			sourceTree = "<group>";
		};
		CC8EF4DA268E37DD0059DCAB /* Products */ = {
			isa = PBXGroup;
			children = (
				CC8EF4D9268E37DD0059DCAB /* Web-Consuming.app */,
			);
			name = Products;
			sourceTree = "<group>";
		};
		CC8EF4DB268E37DD0059DCAB /* Web-Consuming */ = {
			isa = PBXGroup;
			children = (
				CC8EF4DC268E37DD0059DCAB /* AppDelegate.swift */,
				CC8EF4DE268E37DD0059DCAB /* SceneDelegate.swift */,
				CC8EF4E0268E37DD0059DCAB /* ViewController.swift */,
				CC8EF4E2268E37DD0059DCAB /* Main.storyboard */,
				CC8EF4E5268E37DE0059DCAB /* Assets.xcassets */,
				CC8EF4E7268E37DE0059DCAB /* LaunchScreen.storyboard */,
				CC8EF4EA268E37DE0059DCAB /* Info.plist */,
			);
			path = "Web-Consuming";
			sourceTree = "<group>";
		};
/* End PBXGroup section */

/* Begin PBXNativeTarget section */
		CC8EF4D8268E37DD0059DCAB /* Web-Consuming */ = {
			isa = PBXNativeTarget;
			buildConfigurationList = CC8EF4ED268E37DE0059DCAB /* Build configuration list for PBXNativeTarget "Web-Consuming" */;
			buildPhases = (
				CC8EF4D5268E37DD0059DCAB /* Sources */,
				CC8EF4D6268E37DD0059DCAB /* Frameworks */,
				CC8EF4D7268E37DD0059DCAB /* Resources */,
			);
			buildRules = (
			);
			dependencies = (
			);
			name = "Web-Consuming";
			productName = "Web-Consuming";
			productReference = CC8EF4D9268E37DD0059DCAB /* Web-Consuming.app */;
			productType = "com.apple.product-type.application";
		};
/* End PBXNativeTarget section */

/* Begin PBXProject section */
		CC8EF4D1268E37DD0059DCAB /* Project object */ = {
			isa = PBXProject;
			attributes = {
				LastSwiftUpdateCheck = 1250;
				LastUpgradeCheck = 1250;
				TargetAttributes = {
					CC8EF4D8268E37DD0059DCAB = {
						CreatedOnToolsVersion = 12.5.1;
					};
				};
			};
			buildConfigurationList = CC8EF4D4268E37DD0059DCAB /* Build configuration list for PBXProject "Web-Consuming" */;
			compatibilityVersion = "Xcode 9.3";
			developmentRegion = en;
			hasScannedForEncodings = 0;
			knownRegions = (
				en,
				Base,
			);
			mainGroup = CC8EF4D0268E37DD0059DCAB;
			productRefGroup = CC8EF4DA268E37DD0059DCAB /* Products */;
			projectDirPath = "";
			projectRoot = "";
			targets = (
				CC8EF4D8268E37DD0059DCAB /* Web-Consuming */,
			);
		};
/* End PBXProject section */

/* Begin PBXResourcesBuildPhase section */
		CC8EF4D7268E37DD0059DCAB /* Resources */ = {
			isa = PBXResourcesBuildPhase;
			buildActionMask = 2147483647;
			files = (
				CC8EF4E9268E37DE0059DCAB /* LaunchScreen.storyboard in Resources */,
				CC8EF4E6268E37DE0059DCAB /* Assets.xcassets in Resources */,
				CC8EF4E4268E37DD0059DCAB /* Main.storyboard in Resources */,
			);
			runOnlyForDeploymentPostprocessing = 0;
		};
/* End PBXResourcesBuildPhase section */

/* Begin PBXSourcesBuildPhase section */
		CC8EF4D5268E37DD0059DCAB /* Sources */ = {
			isa = PBXSourcesBuildPhase;
			buildActionMask = 2147483647;
			files = (
				CC8EF4E1268E37DD0059DCAB /* ViewController.swift in Sources */,
				CC8EF4DD268E37DD0059DCAB /* AppDelegate.swift in Sources */,
				CC8EF4DF268E37DD0059DCAB /* SceneDelegate.swift in Sources */,
			);
			runOnlyForDeploymentPostprocessing = 0;
		};
/* End PBXSourcesBuildPhase section */

/* Begin PBXVariantGroup section */
		CC8EF4E2268E37DD0059DCAB /* Main.storyboard */ = {
			isa = PBXVariantGroup;
			children = (
				CC8EF4E3268E37DD0059DCAB /* Base */,
			);
			name = Main.storyboard;
			sourceTree = "<group>";
		};
		CC8EF4E7268E37DE0059DCAB /* LaunchScreen.storyboard */ = {
			isa = PBXVariantGroup;
			children = (
				CC8EF4E8268E37DE0059DCAB /* Base */,
			);
			name = LaunchScreen.storyboard;
			sourceTree = "<group>";
		};
/* End PBXVariantGroup section */

/* Begin XCBuildConfiguration section */
		CC8EF4EB268E37DE0059DCAB /* Debug */ = {
			isa = XCBuildConfiguration;
			buildSettings = {
				ALWAYS_SEARCH_USER_PATHS = NO;
				CLANG_ANALYZER_NONNULL = YES;
				CLANG_ANALYZER_NUMBER_OBJECT_CONVERSION = YES_AGGRESSIVE;
				CLANG_CXX_LANGUAGE_STANDARD = "gnu++14";
				CLANG_CXX_LIBRARY = "libc++";
				CLANG_ENABLE_MODULES = YES;
				CLANG_ENABLE_OBJC_ARC = YES;
				CLANG_ENABLE_OBJC_WEAK = YES;
				CLANG_WARN_BLOCK_CAPTURE_AUTORELEASING = YES;
				CLANG_WARN_BOOL_CONVERSION = YES;
				CLANG_WARN_COMMA = YES;
				CLANG_WARN_CONSTANT_CONVERSION = YES;
				CLANG_WARN_DEPRECATED_OBJC_IMPLEMENTATIONS = YES;
				CLANG_WARN_DIRECT_OBJC_ISA_USAGE = YES_ERROR;
				CLANG_WARN_DOCUMENTATION_COMMENTS = YES;
				CLANG_WARN_EMPTY_BODY = YES;
				CLANG_WARN_ENUM_CONVERSION = YES;
				CLANG_WARN_INFINITE_RECURSION = YES;
				CLANG_WARN_INT_CONVERSION = YES;
				CLANG_WARN_NON_LITERAL_NULL_CONVERSION = YES;
				CLANG_WARN_OBJC_IMPLICIT_RETAIN_SELF = YES;
				CLANG_WARN_OBJC_LITERAL_CONVERSION = YES;
				CLANG_WARN_OBJC_ROOT_CLASS = YES_ERROR;
				CLANG_WARN_QUOTED_INCLUDE_IN_FRAMEWORK_HEADER = YES;
				CLANG_WARN_RANGE_LOOP_ANALYSIS = YES;
				CLANG_WARN_STRICT_PROTOTYPES = YES;
				CLANG_WARN_SUSPICIOUS_MOVE = YES;
				CLANG_WARN_UNGUARDED_AVAILABILITY = YES_AGGRESSIVE;
				CLANG_WARN_UNREACHABLE_CODE = YES;
				CLANG_WARN__DUPLICATE_METHOD_MATCH = YES;
				COPY_PHASE_STRIP = NO;
				DEBUG_INFORMATION_FORMAT = dwarf;
				ENABLE_STRICT_OBJC_MSGSEND = YES;
				ENABLE_TESTABILITY = YES;
				GCC_C_LANGUAGE_STANDARD = gnu11;
				GCC_DYNAMIC_NO_PIC = NO;
				GCC_NO_COMMON_BLOCKS = YES;
				GCC_OPTIMIZATION_LEVEL = 0;
				GCC_PREPROCESSOR_DEFINITIONS = (
					"DEBUG=1",
					"$(inherited)",
				);
				GCC_WARN_64_TO_32_BIT_CONVERSION = YES;
				GCC_WARN_ABOUT_RETURN_TYPE = YES_ERROR;
				GCC_WARN_UNDECLARED_SELECTOR = YES;
				GCC_WARN_UNINITIALIZED_AUTOS = YES_AGGRESSIVE;
				GCC_WARN_UNUSED_FUNCTION = YES;
				GCC_WARN_UNUSED_VARIABLE = YES;
				IPHONEOS_DEPLOYMENT_TARGET = 14.5;
				MTL_ENABLE_DEBUG_INFO = INCLUDE_SOURCE;
				MTL_FAST_MATH = YES;
				ONLY_ACTIVE_ARCH = YES;
				SDKROOT = iphoneos;
				SWIFT_ACTIVE_COMPILATION_CONDITIONS = DEBUG;
				SWIFT_OPTIMIZATION_LEVEL = "-Onone";
			};
			name = Debug;
		};
		CC8EF4EC268E37DE0059DCAB /* Release */ = {
			isa = XCBuildConfiguration;
			buildSettings = {
				ALWAYS_SEARCH_USER_PATHS = NO;
				CLANG_ANALYZER_NONNULL = YES;
				CLANG_ANALYZER_NUMBER_OBJECT_CONVERSION = YES_AGGRESSIVE;
				CLANG_CXX_LANGUAGE_STANDARD = "gnu++14";
				CLANG_CXX_LIBRARY = "libc++";
				CLANG_ENABLE_MODULES = YES;
				CLANG_ENABLE_OBJC_ARC = YES;
				CLANG_ENABLE_OBJC_WEAK = YES;
				CLANG_WARN_BLOCK_CAPTURE_AUTORELEASING = YES;
				CLANG_WARN_BOOL_CONVERSION = YES;
				CLANG_WARN_COMMA = YES;
				CLANG_WARN_CONSTANT_CONVERSION = YES;
				CLANG_WARN_DEPRECATED_OBJC_IMPLEMENTATIONS = YES;
				CLANG_WARN_DIRECT_OBJC_ISA_USAGE = YES_ERROR;
				CLANG_WARN_DOCUMENTATION_COMMENTS = YES;
				CLANG_WARN_EMPTY_BODY = YES;
				CLANG_WARN_ENUM_CONVERSION = YES;
				CLANG_WARN_INFINITE_RECURSION = YES;
				CLANG_WARN_INT_CONVERSION = YES;
				CLANG_WARN_NON_LITERAL_NULL_CONVERSION = YES;
				CLANG_WARN_OBJC_IMPLICIT_RETAIN_SELF = YES;
				CLANG_WARN_OBJC_LITERAL_CONVERSION = YES;
				CLANG_WARN_OBJC_ROOT_CLASS = YES_ERROR;
				CLANG_WARN_QUOTED_INCLUDE_IN_FRAMEWORK_HEADER = YES;
				CLANG_WARN_RANGE_LOOP_ANALYSIS = YES;
				CLANG_WARN_STRICT_PROTOTYPES = YES;
				CLANG_WARN_SUSPICIOUS_MOVE = YES;
				CLANG_WARN_UNGUARDED_AVAILABILITY = YES_AGGRESSIVE;
				CLANG_WARN_UNREACHABLE_CODE = YES;
				CLANG_WARN__DUPLICATE_METHOD_MATCH = YES;
				COPY_PHASE_STRIP = NO;
				DEBUG_INFORMATION_FORMAT = "dwarf-with-dsym";
				ENABLE_NS_ASSERTIONS = NO;
				ENABLE_STRICT_OBJC_MSGSEND = YES;
				GCC_C_LANGUAGE_STANDARD = gnu11;
				GCC_NO_COMMON_BLOCKS = YES;
				GCC_WARN_64_TO_32_BIT_CONVERSION = YES;
				GCC_WARN_ABOUT_RETURN_TYPE = YES_ERROR;
				GCC_WARN_UNDECLARED_SELECTOR = YES;
				GCC_WARN_UNINITIALIZED_AUTOS = YES_AGGRESSIVE;
				GCC_WARN_UNUSED_FUNCTION = YES;
				GCC_WARN_UNUSED_VARIABLE = YES;
				IPHONEOS_DEPLOYMENT_TARGET = 14.5;
				MTL_ENABLE_DEBUG_INFO = NO;
				MTL_FAST_MATH = YES;
				SDKROOT = iphoneos;
				SWIFT_COMPILATION_MODE = wholemodule;
				SWIFT_OPTIMIZATION_LEVEL = "-O";
				VALIDATE_PRODUCT = YES;
			};
			name = Release;
		};
		CC8EF4EE268E37DE0059DCAB /* Debug */ = {
			isa = XCBuildConfiguration;
			buildSettings = {
				ASSETCATALOG_COMPILER_APPICON_NAME = AppIcon;
				ASSETCATALOG_COMPILER_GLOBAL_ACCENT_COLOR_NAME = AccentColor;
				CODE_SIGN_STYLE = Automatic;
				DEVELOPMENT_TEAM = S3769X94PP;
				INFOPLIST_FILE = "Web-Consuming/Info.plist";
				LD_RUNPATH_SEARCH_PATHS = (
					"$(inherited)",
					"@executable_path/Frameworks",
				);
				PRODUCT_BUNDLE_IDENTIFIER = "naty.brocca-gmail.com.Web-Consuming";
				PRODUCT_NAME = "$(TARGET_NAME)";
				SWIFT_VERSION = 5.0;
				TARGETED_DEVICE_FAMILY = "1,2";
			};
			name = Debug;
		};
		CC8EF4EF268E37DE0059DCAB /* Release */ = {
			isa = XCBuildConfiguration;
			buildSettings = {
				ASSETCATALOG_COMPILER_APPICON_NAME = AppIcon;
				ASSETCATALOG_COMPILER_GLOBAL_ACCENT_COLOR_NAME = AccentColor;
				CODE_SIGN_STYLE = Automatic;
				DEVELOPMENT_TEAM = S3769X94PP;
				INFOPLIST_FILE = "Web-Consuming/Info.plist";
				LD_RUNPATH_SEARCH_PATHS = (
					"$(inherited)",
					"@executable_path/Frameworks",
				);
				PRODUCT_BUNDLE_IDENTIFIER = "naty.brocca-gmail.com.Web-Consuming";
				PRODUCT_NAME = "$(TARGET_NAME)";
				SWIFT_VERSION = 5.0;
				TARGETED_DEVICE_FAMILY = "1,2";
			};
			name = Release;
		};
/* End XCBuildConfiguration section */

/* Begin XCConfigurationList section */
		CC8EF4D4268E37DD0059DCAB /* Build configuration list for PBXProject "Web-Consuming" */ = {
			isa = XCConfigurationList;
			buildConfigurations = (
				CC8EF4EB268E37DE0059DCAB /* Debug */,
				CC8EF4EC268E37DE0059DCAB /* Release */,
			);
			defaultConfigurationIsVisible = 0;
			defaultConfigurationName = Release;
		};
		CC8EF4ED268E37DE0059DCAB /* Build configuration list for PBXNativeTarget "Web-Consuming" */ = {
			isa = XCConfigurationList;
			buildConfigurations = (
				CC8EF4EE268E37DE0059DCAB /* Debug */,
				CC8EF4EF268E37DE0059DCAB /* Release */,
			);
			defaultConfigurationIsVisible = 0;
			defaultConfigurationName = Release;
		};
/* End XCConfigurationList section */
	};
	rootObject = CC8EF4D1268E37DD0059DCAB /* Project object */;
}
